
Microsoft Visual Studio Solution File, Format Version 12.00
Project("{FAE04EC0-301F-11D3-BF4B-00C04F79EFBC}") = "C", "C\C.csproj", "{FB8F715C-76E0-402A-AEA5-560D91A63816}"
EndProject
Global
	GlobalSection(SolutionConfigurationPlatforms) = preSolution
		Debug|Any CPU = Debug|Any CPU
		Release|Any CPU = Release|Any CPU
	EndGlobalSection
	GlobalSection(ProjectConfigurationPlatforms) = postSolution
		{FB8F715C-76E0-402A-AEA5-560D91A63816}.Debug|Any CPU.ActiveCfg = Debug|Any CPU
		{FB8F715C-76E0-402A-AEA5-560D91A63816}.Debug|Any CPU.Build.0 = Debug|Any CPU
		{FB8F715C-76E0-402A-AEA5-560D91A63816}.Release|Any CPU.ActiveCfg = Release|Any CPU
		{FB8F715C-76E0-402A-AEA5-560D91A63816}.Release|Any CPU.Build.0 = Release|Any CPU
	EndGlobalSection
EndGlobal
